Microsoft Visual Studio Solution File, Format Version 12.00
# Visual Studio Version 17
VisualStudioVersion = 17.5.2.0
MinimumVisualStudioVersion = 10.0.40219.1
Project("{FAE04EC0-301F-11D3-BF4B-00C04F79EFBC}") = "MyApp", "C#\MyApp.csproj", "{23751C52-7724-2458-6B9B-B7AB9702E14B}"
EndProject
Global
	GlobalSection(SolutionConfigurationPlatforms) = preSolution
		Debug|Any CPU = Debug|Any CPU
		Release|Any CPU = Release|Any CPU
	EndGlobalSection
	GlobalSection(ProjectConfigurationPlatforms) = postSolution
		{23751C52-7724-2458-6B9B-B7AB9702E14B}.Debug|Any CPU.ActiveCfg = Debug|Any CPU
		{23751C52-7724-2458-6B9B-B7AB9702E14B}.Debug|Any CPU.Build.0 = Debug|Any CPU
		{23751C52-7724-2458-6B9B-B7AB9702E14B}.Release|Any CPU.ActiveCfg = Release|Any CPU
		{23751C52-7724-2458-6B9B-B7AB9702E14B}.Release|Any CPU.Build.0 = Release|Any CPU
	EndGlobalSection
	GlobalSection(SolutionProperties) = preSolution
		HideSolutionNode = FALSE
	EndGlobalSection
	GlobalSection(ExtensibilityGlobals) = postSolution
		SolutionGuid = {605F3FDE-C7E2-4616-B9F1-A61E4205C2F4}
	EndGlobalSection
EndGlobal
